{
  "name": "terraform-envs",
  "lockfileVersion": 2,
  "requires": true,
  "packages": {
    "": {
      "dependencies": {
        "@primer/css": "^19.1.0",
        "@primer/octicons": "^16.2.0",
        "highlight.js": "^11.4.0"
      }
    },
    "node_modules/@primer/css": {
      "version": "19.1.0",
      "resolved": "https://registry.npmjs.org/@primer/css/-/css-19.1.0.tgz",
      "integrity": "sha512-5RS69qGWZP2s6yVev+gRYhNLm0Nx4uQn07y+ON/IuGfsKkm0Mjtv8Buk1Rmo1ArnS7mjWn3F/oMsmY6VdvY0NQ==",
      "dependencies": {
        "@primer/primitives": "^7.2.0"
      },
      "engines": {
        "node": "^12.20.0 || ^14.13.1 || >=16.0.0"
      }
    },
    "node_modules/@primer/octicons": {
      "version": "16.2.0",
      "resolved": "https://registry.npmjs.org/@primer/octicons/-/octicons-16.2.0.tgz",
      "integrity": "sha512-GMwiKSRuYOCPJpRBtiY+Myfp2DWSjnjaettrl9y4TsWfMk42osYhxEOFZkU2QZT2hAULaVvCqH2zFd+3Ybg4cg==",
      "dependencies": {
        "object-assign": "^4.1.1"
      }
    },
    "node_modules/@primer/primitives": {
      "version": "7.2.0",
      "resolved": "https://registry.npmjs.org/@primer/primitives/-/primitives-7.2.0.tgz",
      "integrity": "sha512-7HkPAn7gnCcKPfDrqJc9OCUttPwBcoJRj2JR78obUbCkSfRV4I7cZiMS8tf9rYJ9HV69u+km8ab2Jrf4eOnVBg=="
    },
    "node_modules/highlight.js": {
      "version": "11.4.0",
      "resolved": "https://registry.npmjs.org/highlight.js/-/highlight.js-11.4.0.tgz",
      "integrity": "sha512-nawlpCBCSASs7EdvZOYOYVkJpGmAOKMYZgZtUqSRqodZE0GRVcFKwo1RcpeOemqh9hyttTdd5wDBwHkuSyUfnA==",
      "engines": {
        "node": ">=12.0.0"
      }
    },
    "node_modules/object-assign": {
      "version": "4.1.1",
      "resolved": "https://registry.npmjs.org/object-assign/-/object-assign-4.1.1.tgz",
      "integrity": "sha1-IQmtx5ZYh8/AXLvUQsrIv7s2CGM=",
      "engines": {
        "node": ">=0.10.0"
      }
    }
  },
  "dependencies": {
    "@primer/css": {
      "version": "19.1.0",
      "resolved": "https://registry.npmjs.org/@primer/css/-/css-19.1.0.tgz",
      "integrity": "sha512-5RS69qGWZP2s6yVev+gRYhNLm0Nx4uQn07y+ON/IuGfsKkm0Mjtv8Buk1Rmo1ArnS7mjWn3F/oMsmY6VdvY0NQ==",
      "requires": {
        "@primer/primitives": "^7.2.0"
      }
    },
    "@primer/octicons": {
      "version": "16.2.0",
      "resolved": "https://registry.npmjs.org/@primer/octicons/-/octicons-16.2.0.tgz",
      "integrity": "sha512-GMwiKSRuYOCPJpRBtiY+Myfp2DWSjnjaettrl9y4TsWfMk42osYhxEOFZkU2QZT2hAULaVvCqH2zFd+3Ybg4cg==",
      "requires": {
        "object-assign": "^4.1.1"
      }
    },
    "@primer/primitives": {
      "version": "7.2.0",
      "resolved": "https://registry.npmjs.org/@primer/primitives/-/primitives-7.2.0.tgz",
      "integrity": "sha512-7HkPAn7gnCcKPfDrqJc9OCUttPwBcoJRj2JR78obUbCkSfRV4I7cZiMS8tf9rYJ9HV69u+km8ab2Jrf4eOnVBg=="
    },
    "highlight.js": {
      "version": "11.4.0",
      "resolved": "https://registry.npmjs.org/highlight.js/-/highlight.js-11.4.0.tgz",
      "integrity": "sha512-nawlpCBCSASs7EdvZOYOYVkJpGmAOKMYZgZtUqSRqodZE0GRVcFKwo1RcpeOemqh9hyttTdd5wDBwHkuSyUfnA=="
    },
    "object-assign": {
      "version": "4.1.1",
      "resolved": "https://registry.npmjs.org/object-assign/-/object-assign-4.1.1.tgz",
      "integrity": "sha1-IQmtx5ZYh8/AXLvUQsrIv7s2CGM="
    }
  }
}
